
Microsoft Visual Studio Solution File, Format Version 12.00
# Visual Studio 14
VisualStudioVersion = 14.0.25420.1
MinimumVisualStudioVersion = 10.0.40219.1
Project("{FAE04EC0-301F-11D3-BF4B-00C04F79EFBC}") = "Quiron.LojaVitual.Dominio", "Quiron.LojaVitual.Dominio\Quiron.LojaVitual.Dominio.csproj", "{CB6465DF-1B7D-4B42-89E2-69E8185020BA}"
EndProject
Project("{FAE04EC0-301F-11D3-BF4B-00C04F79EFBC}") = "Quiron.LojaVirtual.Web", "Quiron.LojaVirtual.Web\Quiron.LojaVirtual.Web.csproj", "{9256DBD4-583F-4B19-80A8-5376CFA3B296}"
EndProject
Project("{FAE04EC0-301F-11D3-BF4B-00C04F79EFBC}") = "Quiron.LojaVitual.UnitTest", "Quiron.LojaVitual.UnitTest\Quiron.LojaVitual.UnitTest.csproj", "{3C14A91C-7B2E-4CAF-BCEE-45928422AA96}"
EndProject
Global
	GlobalSection(SolutionConfigurationPlatforms) = preSolution
		Debug|Any CPU = Debug|Any CPU
		Release|Any CPU = Release|Any CPU
	EndGlobalSection
	GlobalSection(ProjectConfigurationPlatforms) = postSolution
		{CB6465DF-1B7D-4B42-89E2-69E8185020BA}.Debug|Any CPU.ActiveCfg = Debug|Any CPU
		{CB6465DF-1B7D-4B42-89E2-69E8185020BA}.Debug|Any CPU.Build.0 = Debug|Any CPU
		{CB6465DF-1B7D-4B42-89E2-69E8185020BA}.Release|Any CPU.ActiveCfg = Release|Any CPU
		{CB6465DF-1B7D-4B42-89E2-69E8185020BA}.Release|Any CPU.Build.0 = Release|Any CPU
		{9256DBD4-583F-4B19-80A8-5376CFA3B296}.Debug|Any CPU.ActiveCfg = Debug|Any CPU
		{9256DBD4-583F-4B19-80A8-5376CFA3B296}.Debug|Any CPU.Build.0 = Debug|Any CPU
		{9256DBD4-583F-4B19-80A8-5376CFA3B296}.Release|Any CPU.ActiveCfg = Release|Any CPU
		{9256DBD4-583F-4B19-80A8-5376CFA3B296}.Release|Any CPU.Build.0 = Release|Any CPU
		{3C14A91C-7B2E-4CAF-BCEE-45928422AA96}.Debug|Any CPU.ActiveCfg = Debug|Any CPU
		{3C14A91C-7B2E-4CAF-BCEE-45928422AA96}.Debug|Any CPU.Build.0 = Debug|Any CPU
		{3C14A91C-7B2E-4CAF-BCEE-45928422AA96}.Release|Any CPU.ActiveCfg = Release|Any CPU
		{3C14A91C-7B2E-4CAF-BCEE-45928422AA96}.Release|Any CPU.Build.0 = Release|Any CPU
	EndGlobalSection
	GlobalSection(SolutionProperties) = preSolution
		HideSolutionNode = FALSE
	EndGlobalSection
EndGlobal
